
Microsoft Visual Studio Solution File, Format Version 12.00
# Visual Studio Version 16
VisualStudioVersion = 16.0.29326.143
MinimumVisualStudioVersion = 10.0.40219.1
Project("{FAE04EC0-301F-11D3-BF4B-00C04F79EFBC}") = "ChatApp.Android", "ChatApp\ChatApp.Android\ChatApp.Android.csproj", "{F624A14A-BC0C-4F9E-B448-6D403490A0AF}"
EndProject
Project("{FAE04EC0-301F-11D3-BF4B-00C04F79EFBC}") = "ChatApp.iOS", "ChatApp\ChatApp.iOS\ChatApp.iOS.csproj", "{6608DC16-CF9F-432B-9EC3-8941537DF79B}"
EndProject
Project("{FAE04EC0-301F-11D3-BF4B-00C04F79EFBC}") = "ChatApp", "ChatApp\ChatApp\ChatApp.csproj", "{754ABDD7-A6F1-4480-A735-9A41CDDB689C}"
EndProject
Global
	GlobalSection(SolutionConfigurationPlatforms) = preSolution
		Debug|Any CPU = Debug|Any CPU
		Debug|iPhone = Debug|iPhone
		Debug|iPhoneSimulator = Debug|iPhoneSimulator
		Release|Any CPU = Release|Any CPU
		Release|iPhone = Release|iPhone
		Release|iPhoneSimulator = Release|iPhoneSimulator
	EndGlobalSection
	GlobalSection(ProjectConfigurationPlatforms) = postSolution
		{F624A14A-BC0C-4F9E-B448-6D403490A0AF}.Debug|Any CPU.ActiveCfg = Debug|Any CPU
		{F624A14A-BC0C-4F9E-B448-6D403490A0AF}.Debug|Any CPU.Build.0 = Debug|Any CPU
		{F624A14A-BC0C-4F9E-B448-6D403490A0AF}.Debug|Any CPU.Deploy.0 = Debug|Any CPU
		{F624A14A-BC0C-4F9E-B448-6D403490A0AF}.Debug|iPhone.ActiveCfg = Debug|Any CPU
		{F624A14A-BC0C-4F9E-B448-6D403490A0AF}.Debug|iPhone.Build.0 = Debug|Any CPU
		{F624A14A-BC0C-4F9E-B448-6D403490A0AF}.Debug|iPhone.Deploy.0 = Debug|Any CPU
		{F624A14A-BC0C-4F9E-B448-6D403490A0AF}.Debug|iPhoneSimulator.ActiveCfg = Debug|Any CPU
		{F624A14A-BC0C-4F9E-B448-6D403490A0AF}.Debug|iPhoneSimulator.Build.0 = Debug|Any CPU
		{F624A14A-BC0C-4F9E-B448-6D403490A0AF}.Debug|iPhoneSimulator.Deploy.0 = Debug|Any CPU
		{F624A14A-BC0C-4F9E-B448-6D403490A0AF}.Release|Any CPU.ActiveCfg = Release|Any CPU
		{F624A14A-BC0C-4F9E-B448-6D403490A0AF}.Release|Any CPU.Build.0 = Release|Any CPU
		{F624A14A-BC0C-4F9E-B448-6D403490A0AF}.Release|Any CPU.Deploy.0 = Release|Any CPU
		{F624A14A-BC0C-4F9E-B448-6D403490A0AF}.Release|iPhone.ActiveCfg = Release|Any CPU
		{F624A14A-BC0C-4F9E-B448-6D403490A0AF}.Release|iPhone.Build.0 = Release|Any CPU
		{F624A14A-BC0C-4F9E-B448-6D403490A0AF}.Release|iPhone.Deploy.0 = Release|Any CPU
		{F624A14A-BC0C-4F9E-B448-6D403490A0AF}.Release|iPhoneSimulator.ActiveCfg = Release|Any CPU
		{F624A14A-BC0C-4F9E-B448-6D403490A0AF}.Release|iPhoneSimulator.Build.0 = Release|Any CPU
		{F624A14A-BC0C-4F9E-B448-6D403490A0AF}.Release|iPhoneSimulator.Deploy.0 = Release|Any CPU
		{6608DC16-CF9F-432B-9EC3-8941537DF79B}.Debug|Any CPU.ActiveCfg = Debug|iPhoneSimulator
		{6608DC16-CF9F-432B-9EC3-8941537DF79B}.Debug|Any CPU.Build.0 = Debug|iPhoneSimulator
		{6608DC16-CF9F-432B-9EC3-8941537DF79B}.Debug|Any CPU.Deploy.0 = Debug|iPhoneSimulator
		{6608DC16-CF9F-432B-9EC3-8941537DF79B}.Debug|iPhone.ActiveCfg = Debug|iPhone
		{6608DC16-CF9F-432B-9EC3-8941537DF79B}.Debug|iPhone.Build.0 = Debug|iPhone
		{6608DC16-CF9F-432B-9EC3-8941537DF79B}.Debug|iPhone.Deploy.0 = Debug|iPhone
		{6608DC16-CF9F-432B-9EC3-8941537DF79B}.Debug|iPhoneSimulator.ActiveCfg = Debug|iPhoneSimulator
		{6608DC16-CF9F-432B-9EC3-8941537DF79B}.Debug|iPhoneSimulator.Build.0 = Debug|iPhoneSimulator
		{6608DC16-CF9F-432B-9EC3-8941537DF79B}.Debug|iPhoneSimulator.Deploy.0 = Debug|iPhoneSimulator
		{6608DC16-CF9F-432B-9EC3-8941537DF79B}.Release|Any CPU.ActiveCfg = Release|iPhone
		{6608DC16-CF9F-432B-9EC3-8941537DF79B}.Release|Any CPU.Build.0 = Release|iPhone
		{6608DC16-CF9F-432B-9EC3-8941537DF79B}.Release|Any CPU.Deploy.0 = Release|iPhone
		{6608DC16-CF9F-432B-9EC3-8941537DF79B}.Release|iPhone.ActiveCfg = Release|iPhone
		{6608DC16-CF9F-432B-9EC3-8941537DF79B}.Release|iPhone.Build.0 = Release|iPhone
		{6608DC16-CF9F-432B-9EC3-8941537DF79B}.Release|iPhone.Deploy.0 = Release|iPhone
		{6608DC16-CF9F-432B-9EC3-8941537DF79B}.Release|iPhoneSimulator.ActiveCfg = Release|iPhoneSimulator
		{6608DC16-CF9F-432B-9EC3-8941537DF79B}.Release|iPhoneSimulator.Build.0 = Release|iPhoneSimulator
		{6608DC16-CF9F-432B-9EC3-8941537DF79B}.Release|iPhoneSimulator.Deploy.0 = Release|iPhoneSimulator
		{754ABDD7-A6F1-4480-A735-9A41CDDB689C}.Debug|Any CPU.ActiveCfg = Debug|Any CPU
		{754ABDD7-A6F1-4480-A735-9A41CDDB689C}.Debug|Any CPU.Build.0 = Debug|Any CPU
		{754ABDD7-A6F1-4480-A735-9A41CDDB689C}.Debug|Any CPU.Deploy.0 = Debug|Any CPU
		{754ABDD7-A6F1-4480-A735-9A41CDDB689C}.Debug|iPhone.ActiveCfg = Debug|Any CPU
		{754ABDD7-A6F1-4480-A735-9A41CDDB689C}.Debug|iPhone.Build.0 = Debug|Any CPU
		{754ABDD7-A6F1-4480-A735-9A41CDDB689C}.Debug|iPhone.Deploy.0 = Debug|Any CPU
		{754ABDD7-A6F1-4480-A735-9A41CDDB689C}.Debug|iPhoneSimulator.ActiveCfg = Debug|Any CPU
		{754ABDD7-A6F1-4480-A735-9A41CDDB689C}.Debug|iPhoneSimulator.Build.0 = Debug|Any CPU
		{754ABDD7-A6F1-4480-A735-9A41CDDB689C}.Debug|iPhoneSimulator.Deploy.0 = Debug|Any CPU
		{754ABDD7-A6F1-4480-A735-9A41CDDB689C}.Release|Any CPU.ActiveCfg = Release|Any CPU
		{754ABDD7-A6F1-4480-A735-9A41CDDB689C}.Release|Any CPU.Build.0 = Release|Any CPU
		{754ABDD7-A6F1-4480-A735-9A41CDDB689C}.Release|Any CPU.Deploy.0 = Release|Any CPU
		{754ABDD7-A6F1-4480-A735-9A41CDDB689C}.Release|iPhone.ActiveCfg = Release|Any CPU
		{754ABDD7-A6F1-4480-A735-9A41CDDB689C}.Release|iPhone.Build.0 = Release|Any CPU
		{754ABDD7-A6F1-4480-A735-9A41CDDB689C}.Release|iPhone.Deploy.0 = Release|Any CPU
		{754ABDD7-A6F1-4480-A735-9A41CDDB689C}.Release|iPhoneSimulator.ActiveCfg = Release|Any CPU
		{754ABDD7-A6F1-4480-A735-9A41CDDB689C}.Release|iPhoneSimulator.Build.0 = Release|Any CPU
		{754ABDD7-A6F1-4480-A735-9A41CDDB689C}.Release|iPhoneSimulator.Deploy.0 = Release|Any CPU
	EndGlobalSection
	GlobalSection(SolutionProperties) = preSolution
		HideSolutionNode = FALSE
	EndGlobalSection
	GlobalSection(ExtensibilityGlobals) = postSolution
		SolutionGuid = {4C8B12EB-16FE-4B0D-B868-86C58EEE0481}
	EndGlobalSection
EndGlobal
